// !$*UTF8*$!
{
	archiveVersion = 1;
	classes = {
	};
	objectVersion = 50;
	objects = {

/* Begin PBXBuildFile section */
		1FBCC19C227412B70064AFC2 /* AppDelegate.swift in Sources */ = {isa = PBXBuildFile; fileRef = 1FBCC19B227412B70064AFC2 /* AppDelegate.swift */; };
		1FBCC19E227412B70064AFC2 /* ViewController.swift in Sources */ = {isa = PBXBuildFile; fileRef = 1FBCC19D227412B70064AFC2 /* ViewController.swift */; };
		1FBCC1A1227412B70064AFC2 /* Main.storyboard in Resources */ = {isa = PBXBuildFile; fileRef = 1FBCC19F227412B70064AFC2 /* Main.storyboard */; };
		1FBCC1A3227412B80064AFC2 /* Assets.xcassets in Resources */ = {isa = PBXBuildFile; fileRef = 1FBCC1A2227412B80064AFC2 /* Assets.xcassets */; };
		1FBCC1A6227412B80064AFC2 /* LaunchScreen.storyboard in Resources */ = {isa = PBXBuildFile; fileRef = 1FBCC1A4227412B80064AFC2 /* LaunchScreen.storyboard */; };
		1FBCC1B1227412B80064AFC2 /* TicTacToeTests.swift in Sources */ = {isa = PBXBuildFile; fileRef = 1FBCC1B0227412B80064AFC2 /* TicTacToeTests.swift */; };
		1FBCC1BF2274148F0064AFC2 /* GameViewModel.swift in Sources */ = {isa = PBXBuildFile; fileRef = 1FBCC1BE2274148F0064AFC2 /* GameViewModel.swift */; };
		1FBCC1C42274183F0064AFC2 /* GameTileCollectionViewCell.swift in Sources */ = {isa = PBXBuildFile; fileRef = 1FBCC1C32274183F0064AFC2 /* GameTileCollectionViewCell.swift */; };
/* End PBXBuildFile section */

/* Begin PBXContainerItemProxy section */
		1FBCC1AD227412B80064AFC2 /* PBXContainerItemProxy */ = {
			isa = PBXContainerItemProxy;
			containerPortal = 1FBCC190227412B70064AFC2 /* Project object */;
			proxyType = 1;
			remoteGlobalIDString = 1FBCC197227412B70064AFC2;
			remoteInfo = TicTacToe;
		};
/* End PBXContainerItemProxy section */

/* Begin PBXFileReference section */
		1FBCC198227412B70064AFC2 /* TicTacToe.app */ = {isa = PBXFileReference; explicitFileType = wrapper.application; includeInIndex = 0; path = TicTacToe.app; sourceTree = BUILT_PRODUCTS_DIR; };
		1FBCC19B227412B70064AFC2 /* AppDelegate.swift */ = {isa = PBXFileReference; lastKnownFileType = sourcecode.swift; path = AppDelegate.swift; sourceTree = "<group>"; };
		1FBCC19D227412B70064AFC2 /* ViewController.swift */ = {isa = PBXFileReference; lastKnownFileType = sourcecode.swift; path = ViewController.swift; sourceTree = "<group>"; };
		1FBCC1A0227412B70064AFC2 /* Base */ = {isa = PBXFileReference; lastKnownFileType = file.storyboard; name = Base; path = Base.lproj/Main.storyboard; sourceTree = "<group>"; };
		1FBCC1A2227412B80064AFC2 /* Assets.xcassets */ = {isa = PBXFileReference; lastKnownFileType = folder.assetcatalog; path = Assets.xcassets; sourceTree = "<group>"; };
		1FBCC1A5227412B80064AFC2 /* Base */ = {isa = PBXFileReference; lastKnownFileType = file.storyboard; name = Base; path = Base.lproj/LaunchScreen.storyboard; sourceTree = "<group>"; };
		1FBCC1A7227412B80064AFC2 /* Info.plist */ = {isa = PBXFileReference; lastKnownFileType = text.plist.xml; path = Info.plist; sourceTree = "<group>"; };
		1FBCC1AC227412B80064AFC2 /* TicTacToeTests.xctest */ = {isa = PBXFileReference; explicitFileType = wrapper.cfbundle; includeInIndex = 0; path = TicTacToeTests.xctest; sourceTree = BUILT_PRODUCTS_DIR; };
		1FBCC1B0227412B80064AFC2 /* TicTacToeTests.swift */ = {isa = PBXFileReference; lastKnownFileType = sourcecode.swift; path = TicTacToeTests.swift; sourceTree = "<group>"; };
		1FBCC1B2227412B80064AFC2 /* Info.plist */ = {isa = PBXFileReference; lastKnownFileType = text.plist.xml; path = Info.plist; sourceTree = "<group>"; };
		1FBCC1BE2274148F0064AFC2 /* GameViewModel.swift */ = {isa = PBXFileReference; lastKnownFileType = sourcecode.swift; path = GameViewModel.swift; sourceTree = "<group>"; };
		1FBCC1C32274183F0064AFC2 /* GameTileCollectionViewCell.swift */ = {isa = PBXFileReference; lastKnownFileType = sourcecode.swift; path = GameTileCollectionViewCell.swift; sourceTree = "<group>"; };
/* End PBXFileReference section */

/* Begin PBXFrameworksBuildPhase section */
		1FBCC195227412B70064AFC2 /* Frameworks */ = {
			isa = PBXFrameworksBuildPhase;
			buildActionMask = 2147483647;
			files = (
			);
			runOnlyForDeploymentPostprocessing = 0;
		};
		1FBCC1A9227412B80064AFC2 /* Frameworks */ = {
			isa = PBXFrameworksBuildPhase;
			buildActionMask = 2147483647;
			files = (
			);
			runOnlyForDeploymentPostprocessing = 0;
		};
/* End PBXFrameworksBuildPhase section */

/* Begin PBXGroup section */
		1FBCC18F227412B70064AFC2 = {
			isa = PBXGroup;
			children = (
				1FBCC19A227412B70064AFC2 /* TicTacToe */,
				1FBCC1AF227412B80064AFC2 /* TicTacToeTests */,
				1FBCC199227412B70064AFC2 /* Products */,
			);
			sourceTree = "<group>";
		};
		1FBCC199227412B70064AFC2 /* Products */ = {
			isa = PBXGroup;
			children = (
				1FBCC198227412B70064AFC2 /* TicTacToe.app */,
				1FBCC1AC227412B80064AFC2 /* TicTacToeTests.xctest */,
			);
			name = Products;
			sourceTree = "<group>";
		};
		1FBCC19A227412B70064AFC2 /* TicTacToe */ = {
			isa = PBXGroup;
			children = (
				1FBCC19B227412B70064AFC2 /* AppDelegate.swift */,
				1FBCC1C22274180D0064AFC2 /* CollectionViewCells */,
				1FBCC1BD2274147B0064AFC2 /* ViewModel */,
				1FBCC1BB2274145C0064AFC2 /* View */,
				1FBCC19F227412B70064AFC2 /* Main.storyboard */,
				1FBCC1A2227412B80064AFC2 /* Assets.xcassets */,
				1FBCC1A4227412B80064AFC2 /* LaunchScreen.storyboard */,
				1FBCC1A7227412B80064AFC2 /* Info.plist */,
			);
			path = TicTacToe;
			sourceTree = "<group>";
		};
		1FBCC1AF227412B80064AFC2 /* TicTacToeTests */ = {
			isa = PBXGroup;
			children = (
				1FBCC1B0227412B80064AFC2 /* TicTacToeTests.swift */,
				1FBCC1B2227412B80064AFC2 /* Info.plist */,
			);
			path = TicTacToeTests;
			sourceTree = "<group>";
		};
		1FBCC1BB2274145C0064AFC2 /* View */ = {
			isa = PBXGroup;
			children = (
				1FBCC19D227412B70064AFC2 /* ViewController.swift */,
			);
			path = View;
			sourceTree = "<group>";
		};
		1FBCC1BD2274147B0064AFC2 /* ViewModel */ = {
			isa = PBXGroup;
			children = (
				1FBCC1BE2274148F0064AFC2 /* GameViewModel.swift */,
			);
			path = ViewModel;
			sourceTree = "<group>";
		};
		1FBCC1C22274180D0064AFC2 /* CollectionViewCells */ = {
			isa = PBXGroup;
			children = (
				1FBCC1C32274183F0064AFC2 /* GameTileCollectionViewCell.swift */,
			);
			path = CollectionViewCells;
			sourceTree = "<group>";
		};
/* End PBXGroup section */

/* Begin PBXNativeTarget section */
		1FBCC197227412B70064AFC2 /* TicTacToe */ = {
			isa = PBXNativeTarget;
			buildConfigurationList = 1FBCC1B5227412B80064AFC2 /* Build configuration list for PBXNativeTarget "TicTacToe" */;
			buildPhases = (
				1FBCC194227412B70064AFC2 /* Sources */,
				1FBCC195227412B70064AFC2 /* Frameworks */,
				1FBCC196227412B70064AFC2 /* Resources */,
			);
			buildRules = (
			);
			dependencies = (
			);
			name = TicTacToe;
			productName = TicTacToe;
			productReference = 1FBCC198227412B70064AFC2 /* TicTacToe.app */;
			productType = "com.apple.product-type.application";
		};
		1FBCC1AB227412B80064AFC2 /* TicTacToeTests */ = {
			isa = PBXNativeTarget;
			buildConfigurationList = 1FBCC1B8227412B80064AFC2 /* Build configuration list for PBXNativeTarget "TicTacToeTests" */;
			buildPhases = (
				1FBCC1A8227412B80064AFC2 /* Sources */,
				1FBCC1A9227412B80064AFC2 /* Frameworks */,
				1FBCC1AA227412B80064AFC2 /* Resources */,
			);
			buildRules = (
			);
			dependencies = (
				1FBCC1AE227412B80064AFC2 /* PBXTargetDependency */,
			);
			name = TicTacToeTests;
			productName = TicTacToeTests;
			productReference = 1FBCC1AC227412B80064AFC2 /* TicTacToeTests.xctest */;
			productType = "com.apple.product-type.bundle.unit-test";
		};
/* End PBXNativeTarget section */

/* Begin PBXProject section */
		1FBCC190227412B70064AFC2 /* Project object */ = {
			isa = PBXProject;
			attributes = {
				LastSwiftUpdateCheck = 1020;
				LastUpgradeCheck = 1020;
				ORGANIZATIONNAME = None;
				TargetAttributes = {
					1FBCC197227412B70064AFC2 = {
						CreatedOnToolsVersion = 10.2;
					};
					1FBCC1AB227412B80064AFC2 = {
						CreatedOnToolsVersion = 10.2;
						TestTargetID = 1FBCC197227412B70064AFC2;
					};
				};
			};
			buildConfigurationList = 1FBCC193227412B70064AFC2 /* Build configuration list for PBXProject "TicTacToe" */;
			compatibilityVersion = "Xcode 9.3";
			developmentRegion = en;
			hasScannedForEncodings = 0;
			knownRegions = (
				en,
				Base,
			);
			mainGroup = 1FBCC18F227412B70064AFC2;
			productRefGroup = 1FBCC199227412B70064AFC2 /* Products */;
			projectDirPath = "";
			projectRoot = "";
			targets = (
				1FBCC197227412B70064AFC2 /* TicTacToe */,
				1FBCC1AB227412B80064AFC2 /* TicTacToeTests */,
			);
		};
/* End PBXProject section */

/* Begin PBXResourcesBuildPhase section */
		1FBCC196227412B70064AFC2 /* Resources */ = {
			isa = PBXResourcesBuildPhase;
			buildActionMask = 2147483647;
			files = (
				1FBCC1A6227412B80064AFC2 /* LaunchScreen.storyboard in Resources */,
				1FBCC1A3227412B80064AFC2 /* Assets.xcassets in Resources */,
				1FBCC1A1227412B70064AFC2 /* Main.storyboard in Resources */,
			);
			runOnlyForDeploymentPostprocessing = 0;
		};
		1FBCC1AA227412B80064AFC2 /* Resources */ = {
			isa = PBXResourcesBuildPhase;
			buildActionMask = 2147483647;
			files = (
			);
			runOnlyForDeploymentPostprocessing = 0;
		};
/* End PBXResourcesBuildPhase section */

/* Begin PBXSourcesBuildPhase section */
		1FBCC194227412B70064AFC2 /* Sources */ = {
			isa = PBXSourcesBuildPhase;
			buildActionMask = 2147483647;
			files = (
				1FBCC1BF2274148F0064AFC2 /* GameViewModel.swift in Sources */,
				1FBCC19E227412B70064AFC2 /* ViewController.swift in Sources */,
				1FBCC19C227412B70064AFC2 /* AppDelegate.swift in Sources */,
				1FBCC1C42274183F0064AFC2 /* GameTileCollectionViewCell.swift in Sources */,
			);
			runOnlyForDeploymentPostprocessing = 0;
		};
		1FBCC1A8227412B80064AFC2 /* Sources */ = {
			isa = PBXSourcesBuildPhase;
			buildActionMask = 2147483647;
			files = (
				1FBCC1B1227412B80064AFC2 /* TicTacToeTests.swift in Sources */,
			);
			runOnlyForDeploymentPostprocessing = 0;
		};
/* End PBXSourcesBuildPhase section */

/* Begin PBXTargetDependency section */
		1FBCC1AE227412B80064AFC2 /* PBXTargetDependency */ = {
			isa = PBXTargetDependency;
			target = 1FBCC197227412B70064AFC2 /* TicTacToe */;
			targetProxy = 1FBCC1AD227412B80064AFC2 /* PBXContainerItemProxy */;
		};
/* End PBXTargetDependency section */

/* Begin PBXVariantGroup section */
		1FBCC19F227412B70064AFC2 /* Main.storyboard */ = {
			isa = PBXVariantGroup;
			children = (
				1FBCC1A0227412B70064AFC2 /* Base */,
			);
			name = Main.storyboard;
			sourceTree = "<group>";
		};
		1FBCC1A4227412B80064AFC2 /* LaunchScreen.storyboard */ = {
			isa = PBXVariantGroup;
			children = (
				1FBCC1A5227412B80064AFC2 /* Base */,
			);
			name = LaunchScreen.storyboard;
			sourceTree = "<group>";
		};
/* End PBXVariantGroup section */

/* Begin XCBuildConfiguration section */
		1FBCC1B3227412B80064AFC2 /* Debug */ = {
			isa = XCBuildConfiguration;
			buildSettings = {
				ALWAYS_SEARCH_USER_PATHS = NO;
				CLANG_ANALYZER_NONNULL = YES;
				CLANG_ANALYZER_NUMBER_OBJECT_CONVERSION = YES_AGGRESSIVE;
				CLANG_CXX_LANGUAGE_STANDARD = "gnu++14";
				CLANG_CXX_LIBRARY = "libc++";
				CLANG_ENABLE_MODULES = YES;
				CLANG_ENABLE_OBJC_ARC = YES;
				CLANG_ENABLE_OBJC_WEAK = YES;
				CLANG_WARN_BLOCK_CAPTURE_AUTORELEASING = YES;
				CLANG_WARN_BOOL_CONVERSION = YES;
				CLANG_WARN_COMMA = YES;
				CLANG_WARN_CONSTANT_CONVERSION = YES;
				CLANG_WARN_DEPRECATED_OBJC_IMPLEMENTATIONS = YES;
				CLANG_WARN_DIRECT_OBJC_ISA_USAGE = YES_ERROR;
				CLANG_WARN_DOCUMENTATION_COMMENTS = YES;
				CLANG_WARN_EMPTY_BODY = YES;
				CLANG_WARN_ENUM_CONVERSION = YES;
				CLANG_WARN_INFINITE_RECURSION = YES;
				CLANG_WARN_INT_CONVERSION = YES;
				CLANG_WARN_NON_LITERAL_NULL_CONVERSION = YES;
				CLANG_WARN_OBJC_IMPLICIT_RETAIN_SELF = YES;
				CLANG_WARN_OBJC_LITERAL_CONVERSION = YES;
				CLANG_WARN_OBJC_ROOT_CLASS = YES_ERROR;
				CLANG_WARN_RANGE_LOOP_ANALYSIS = YES;
				CLANG_WARN_STRICT_PROTOTYPES = YES;
				CLANG_WARN_SUSPICIOUS_MOVE = YES;
				CLANG_WARN_UNGUARDED_AVAILABILITY = YES_AGGRESSIVE;
				CLANG_WARN_UNREACHABLE_CODE = YES;
				CLANG_WARN__DUPLICATE_METHOD_MATCH = YES;
				CODE_SIGN_IDENTITY = "iPhone Developer";
				COPY_PHASE_STRIP = NO;
				DEBUG_INFORMATION_FORMAT = dwarf;
				ENABLE_STRICT_OBJC_MSGSEND = YES;
				ENABLE_TESTABILITY = YES;
				GCC_C_LANGUAGE_STANDARD = gnu11;
				GCC_DYNAMIC_NO_PIC = NO;
				GCC_NO_COMMON_BLOCKS = YES;
				GCC_OPTIMIZATION_LEVEL = 0;
				GCC_PREPROCESSOR_DEFINITIONS = (
					"DEBUG=1",
					"$(inherited)",
				);
				GCC_WARN_64_TO_32_BIT_CONVERSION = YES;
				GCC_WARN_ABOUT_RETURN_TYPE = YES_ERROR;
				GCC_WARN_UNDECLARED_SELECTOR = YES;
				GCC_WARN_UNINITIALIZED_AUTOS = YES_AGGRESSIVE;
				GCC_WARN_UNUSED_FUNCTION = YES;
				GCC_WARN_UNUSED_VARIABLE = YES;
				IPHONEOS_DEPLOYMENT_TARGET = 12.2;
				MTL_ENABLE_DEBUG_INFO = INCLUDE_SOURCE;
				MTL_FAST_MATH = YES;
				ONLY_ACTIVE_ARCH = YES;
				SDKROOT = iphoneos;
				SWIFT_ACTIVE_COMPILATION_CONDITIONS = DEBUG;
				SWIFT_OPTIMIZATION_LEVEL = "-Onone";
			};
			name = Debug;
		};
		1FBCC1B4227412B80064AFC2 /* Release */ = {
			isa = XCBuildConfiguration;
			buildSettings = {
				ALWAYS_SEARCH_USER_PATHS = NO;
				CLANG_ANALYZER_NONNULL = YES;
				CLANG_ANALYZER_NUMBER_OBJECT_CONVERSION = YES_AGGRESSIVE;
				CLANG_CXX_LANGUAGE_STANDARD = "gnu++14";
				CLANG_CXX_LIBRARY = "libc++";
				CLANG_ENABLE_MODULES = YES;
				CLANG_ENABLE_OBJC_ARC = YES;
				CLANG_ENABLE_OBJC_WEAK = YES;
				CLANG_WARN_BLOCK_CAPTURE_AUTORELEASING = YES;
				CLANG_WARN_BOOL_CONVERSION = YES;
				CLANG_WARN_COMMA = YES;
				CLANG_WARN_CONSTANT_CONVERSION = YES;
				CLANG_WARN_DEPRECATED_OBJC_IMPLEMENTATIONS = YES;
				CLANG_WARN_DIRECT_OBJC_ISA_USAGE = YES_ERROR;
				CLANG_WARN_DOCUMENTATION_COMMENTS = YES;
				CLANG_WARN_EMPTY_BODY = YES;
				CLANG_WARN_ENUM_CONVERSION = YES;
				CLANG_WARN_INFINITE_RECURSION = YES;
				CLANG_WARN_INT_CONVERSION = YES;
				CLANG_WARN_NON_LITERAL_NULL_CONVERSION = YES;
				CLANG_WARN_OBJC_IMPLICIT_RETAIN_SELF = YES;
				CLANG_WARN_OBJC_LITERAL_CONVERSION = YES;
				CLANG_WARN_OBJC_ROOT_CLASS = YES_ERROR;
				CLANG_WARN_RANGE_LOOP_ANALYSIS = YES;
				CLANG_WARN_STRICT_PROTOTYPES = YES;
				CLANG_WARN_SUSPICIOUS_MOVE = YES;
				CLANG_WARN_UNGUARDED_AVAILABILITY = YES_AGGRESSIVE;
				CLANG_WARN_UNREACHABLE_CODE = YES;
				CLANG_WARN__DUPLICATE_METHOD_MATCH = YES;
				CODE_SIGN_IDENTITY = "iPhone Developer";
				COPY_PHASE_STRIP = NO;
				DEBUG_INFORMATION_FORMAT = "dwarf-with-dsym";
				ENABLE_NS_ASSERTIONS = NO;
				ENABLE_STRICT_OBJC_MSGSEND = YES;
				GCC_C_LANGUAGE_STANDARD = gnu11;
				GCC_NO_COMMON_BLOCKS = YES;
				GCC_WARN_64_TO_32_BIT_CONVERSION = YES;
				GCC_WARN_ABOUT_RETURN_TYPE = YES_ERROR;
				GCC_WARN_UNDECLARED_SELECTOR = YES;
				GCC_WARN_UNINITIALIZED_AUTOS = YES_AGGRESSIVE;
				GCC_WARN_UNUSED_FUNCTION = YES;
				GCC_WARN_UNUSED_VARIABLE = YES;
				IPHONEOS_DEPLOYMENT_TARGET = 12.2;
				MTL_ENABLE_DEBUG_INFO = NO;
				MTL_FAST_MATH = YES;
				SDKROOT = iphoneos;
				SWIFT_COMPILATION_MODE = wholemodule;
				SWIFT_OPTIMIZATION_LEVEL = "-O";
				VALIDATE_PRODUCT = YES;
			};
			name = Release;
		};
		1FBCC1B6227412B80064AFC2 /* Debug */ = {
			isa = XCBuildConfiguration;
			buildSettings = {
				ASSETCATALOG_COMPILER_APPICON_NAME = AppIcon;
				CODE_SIGN_STYLE = Automatic;
				INFOPLIST_FILE = TicTacToe/Info.plist;
				LD_RUNPATH_SEARCH_PATHS = (
					"$(inherited)",
					"@executable_path/Frameworks",
				);
				PRODUCT_BUNDLE_IDENTIFIER = com.thoughtworks.TicTacToe;
				PRODUCT_NAME = "$(TARGET_NAME)";
				SWIFT_VERSION = 5.0;
				TARGETED_DEVICE_FAMILY = "1,2";
			};
			name = Debug;
		};
		1FBCC1B7227412B80064AFC2 /* Release */ = {
			isa = XCBuildConfiguration;
			buildSettings = {
				ASSETCATALOG_COMPILER_APPICON_NAME = AppIcon;
				CODE_SIGN_STYLE = Automatic;
				INFOPLIST_FILE = TicTacToe/Info.plist;
				LD_RUNPATH_SEARCH_PATHS = (
					"$(inherited)",
					"@executable_path/Frameworks",
				);
				PRODUCT_BUNDLE_IDENTIFIER = com.thoughtworks.TicTacToe;
				PRODUCT_NAME = "$(TARGET_NAME)";
				SWIFT_VERSION = 5.0;
				TARGETED_DEVICE_FAMILY = "1,2";
			};
			name = Release;
		};
		1FBCC1B9227412B80064AFC2 /* Debug */ = {
			isa = XCBuildConfiguration;
			buildSettings = {
				ALWAYS_EMBED_SWIFT_STANDARD_LIBRARIES = YES;
				BUNDLE_LOADER = "$(TEST_HOST)";
				CODE_SIGN_STYLE = Automatic;
				INFOPLIST_FILE = TicTacToeTests/Info.plist;
				LD_RUNPATH_SEARCH_PATHS = (
					"$(inherited)",
					"@executable_path/Frameworks",
					"@loader_path/Frameworks",
				);
				PRODUCT_BUNDLE_IDENTIFIER = com.thoughtworks.TicTacToeTests;
				PRODUCT_NAME = "$(TARGET_NAME)";
				SWIFT_VERSION = 5.0;
				TARGETED_DEVICE_FAMILY = "1,2";
				TEST_HOST = "$(BUILT_PRODUCTS_DIR)/TicTacToe.app/TicTacToe";
			};
			name = Debug;
		};
		1FBCC1BA227412B80064AFC2 /* Release */ = {
			isa = XCBuildConfiguration;
			buildSettings = {
				ALWAYS_EMBED_SWIFT_STANDARD_LIBRARIES = YES;
				BUNDLE_LOADER = "$(TEST_HOST)";
				CODE_SIGN_STYLE = Automatic;
				INFOPLIST_FILE = TicTacToeTests/Info.plist;
				LD_RUNPATH_SEARCH_PATHS = (
					"$(inherited)",
					"@executable_path/Frameworks",
					"@loader_path/Frameworks",
				);
				PRODUCT_BUNDLE_IDENTIFIER = com.thoughtworks.TicTacToeTests;
				PRODUCT_NAME = "$(TARGET_NAME)";
				SWIFT_VERSION = 5.0;
				TARGETED_DEVICE_FAMILY = "1,2";
				TEST_HOST = "$(BUILT_PRODUCTS_DIR)/TicTacToe.app/TicTacToe";
			};
			name = Release;
		};
/* End XCBuildConfiguration section */

/* Begin XCConfigurationList section */
		1FBCC193227412B70064AFC2 /* Build configuration list for PBXProject "TicTacToe" */ = {
			isa = XCConfigurationList;
			buildConfigurations = (
				1FBCC1B3227412B80064AFC2 /* Debug */,
				1FBCC1B4227412B80064AFC2 /* Release */,
			);
			defaultConfigurationIsVisible = 0;
			defaultConfigurationName = Release;
		};
		1FBCC1B5227412B80064AFC2 /* Build configuration list for PBXNativeTarget "TicTacToe" */ = {
			isa = XCConfigurationList;
			buildConfigurations = (
				1FBCC1B6227412B80064AFC2 /* Debug */,
				1FBCC1B7227412B80064AFC2 /* Release */,
			);
			defaultConfigurationIsVisible = 0;
			defaultConfigurationName = Release;
		};
		1FBCC1B8227412B80064AFC2 /* Build configuration list for PBXNativeTarget "TicTacToeTests" */ = {
			isa = XCConfigurationList;
			buildConfigurations = (
				1FBCC1B9227412B80064AFC2 /* Debug */,
				1FBCC1BA227412B80064AFC2 /* Release */,
			);
			defaultConfigurationIsVisible = 0;
			defaultConfigurationName = Release;
		};
/* End XCConfigurationList section */
	};
	rootObject = 1FBCC190227412B70064AFC2 /* Project object */;
}
